
Microsoft Visual Studio Solution File, Format Version 12.00
# Visual Studio Version 16
VisualStudioVersion = 16.0.34031.81
MinimumVisualStudioVersion = 10.0.40219.1
Project("{FAE04EC0-301F-11D3-BF4B-00C04F79EFBC}") = "MvcProject", "MvcProject\MvcProject.csproj", "{466F8A24-2C25-482D-B947-ED6F85EAAD1F}"
EndProject
Project("{FAE04EC0-301F-11D3-BF4B-00C04F79EFBC}") = "DataAccessLayer", "DataAccessLayer\DataAccessLayer.csproj", "{2CABD3FB-9CE9-4023-ACD8-9E97A0D3DFE4}"
EndProject
Global
	GlobalSection(SolutionConfigurationPlatforms) = preSolution
		Debug|Any CPU = Debug|Any CPU
		Release|Any CPU = Release|Any CPU
	EndGlobalSection
	GlobalSection(ProjectConfigurationPlatforms) = postSolution
		{466F8A24-2C25-482D-B947-ED6F85EAAD1F}.Debug|Any CPU.ActiveCfg = Debug|Any CPU
		{466F8A24-2C25-482D-B947-ED6F85EAAD1F}.Debug|Any CPU.Build.0 = Debug|Any CPU
		{466F8A24-2C25-482D-B947-ED6F85EAAD1F}.Release|Any CPU.ActiveCfg = Release|Any CPU
		{466F8A24-2C25-482D-B947-ED6F85EAAD1F}.Release|Any CPU.Build.0 = Release|Any CPU
		{2CABD3FB-9CE9-4023-ACD8-9E97A0D3DFE4}.Debug|Any CPU.ActiveCfg = Debug|Any CPU
		{2CABD3FB-9CE9-4023-ACD8-9E97A0D3DFE4}.Debug|Any CPU.Build.0 = Debug|Any CPU
		{2CABD3FB-9CE9-4023-ACD8-9E97A0D3DFE4}.Release|Any CPU.ActiveCfg = Release|Any CPU
		{2CABD3FB-9CE9-4023-ACD8-9E97A0D3DFE4}.Release|Any CPU.Build.0 = Release|Any CPU
	EndGlobalSection
	GlobalSection(SolutionProperties) = preSolution
		HideSolutionNode = FALSE
	EndGlobalSection
	GlobalSection(ExtensibilityGlobals) = postSolution
		SolutionGuid = {970E2F93-0AE1-42E5-8C5C-66534CF2AE78}
	EndGlobalSection
EndGlobal
